
Microsoft Visual Studio Solution File, Format Version 12.00
# Visual Studio 14
VisualStudioVersion = 14.0.25420.1
MinimumVisualStudioVersion = 10.0.40219.1
Project("{FAE04EC0-301F-11D3-BF4B-00C04F79EFBC}") = "ADO.NETLinq", "ADO.NETLinq\ADO.NETLinq.csproj", "{DB3DE7CD-3EEE-4406-BA11-47DE37D743C7}"
EndProject
Global
	GlobalSection(SolutionConfigurationPlatforms) = preSolution
		Debug|Any CPU = Debug|Any CPU
		Release|Any CPU = Release|Any CPU
	EndGlobalSection
	GlobalSection(ProjectConfigurationPlatforms) = postSolution
		{DB3DE7CD-3EEE-4406-BA11-47DE37D743C7}.Debug|Any CPU.ActiveCfg = Debug|Any CPU
		{DB3DE7CD-3EEE-4406-BA11-47DE37D743C7}.Debug|Any CPU.Build.0 = Debug|Any CPU
		{DB3DE7CD-3EEE-4406-BA11-47DE37D743C7}.Release|Any CPU.ActiveCfg = Release|Any CPU
		{DB3DE7CD-3EEE-4406-BA11-47DE37D743C7}.Release|Any CPU.Build.0 = Release|Any CPU
	EndGlobalSection
	GlobalSection(SolutionProperties) = preSolution
		HideSolutionNode = FALSE
	EndGlobalSection
EndGlobal
